
Microsoft Visual Studio Solution File, Format Version 12.00
# Visual Studio Version 16
VisualStudioVersion = 16.0.31729.503
MinimumVisualStudioVersion = 10.0.40219.1
Project("{FAE04EC0-301F-11D3-BF4B-00C04F79EFBC}") = "WareHouse_MS", "WareHouse_MS\WareHouse_MS.csproj", "{8631218B-032C-441A-8A93-F4EB73D8BD92}"
EndProject
Global
	GlobalSection(SolutionConfigurationPlatforms) = preSolution
		Debug|Any CPU = Debug|Any CPU
		Release|Any CPU = Release|Any CPU
	EndGlobalSection
	GlobalSection(ProjectConfigurationPlatforms) = postSolution
		{8631218B-032C-441A-8A93-F4EB73D8BD92}.Debug|Any CPU.ActiveCfg = Debug|Any CPU
		{8631218B-032C-441A-8A93-F4EB73D8BD92}.Debug|Any CPU.Build.0 = Debug|Any CPU
		{8631218B-032C-441A-8A93-F4EB73D8BD92}.Release|Any CPU.ActiveCfg = Release|Any CPU
		{8631218B-032C-441A-8A93-F4EB73D8BD92}.Release|Any CPU.Build.0 = Release|Any CPU
	EndGlobalSection
	GlobalSection(SolutionProperties) = preSolution
		HideSolutionNode = FALSE
	EndGlobalSection
	GlobalSection(ExtensibilityGlobals) = postSolution
		SolutionGuid = {00FB7ED1-E289-4AAD-ABAF-E74D8021BEBD}
	EndGlobalSection
EndGlobal
